
Microsoft Visual Studio Solution File, Format Version 12.00
# Visual Studio Version 16
VisualStudioVersion = 16.0.31019.35
MinimumVisualStudioVersion = 10.0.40219.1
Project("{9A19103F-16F7-4668-BE54-9A1E7A4F7556}") = "Laboratorna_4", "Laboratorna_4.csproj", "{F9F78F32-F857-455A-87F6-CADC4F056D1A}"
EndProject
Global
	GlobalSection(SolutionConfigurationPlatforms) = preSolution
		Debug|Any CPU = Debug|Any CPU
		Release|Any CPU = Release|Any CPU
	EndGlobalSection
	GlobalSection(ProjectConfigurationPlatforms) = postSolution
		{F9F78F32-F857-455A-87F6-CADC4F056D1A}.Debug|Any CPU.ActiveCfg = Debug|Any CPU
		{F9F78F32-F857-455A-87F6-CADC4F056D1A}.Debug|Any CPU.Build.0 = Debug|Any CPU
		{F9F78F32-F857-455A-87F6-CADC4F056D1A}.Release|Any CPU.ActiveCfg = Release|Any CPU
		{F9F78F32-F857-455A-87F6-CADC4F056D1A}.Release|Any CPU.Build.0 = Release|Any CPU
	EndGlobalSection
	GlobalSection(SolutionProperties) = preSolution
		HideSolutionNode = FALSE
	EndGlobalSection
	GlobalSection(ExtensibilityGlobals) = postSolution
		SolutionGuid = {3DFF7D07-5E73-4CC2-90A6-EFFA7A6E8D38}
	EndGlobalSection
EndGlobal
